[[package]]
name = "lazy_static"
version = "0.2.11"
source = "registry+https://github.com/rust-lang/crates.io-index"

[[package]]
name = "powerman"
version = "0.1.2"
dependencies = [
 "schedule_recv 0.1.0 (registry+https://github.com/rust-lang/crates.io-index)",
]

[[package]]
name = "schedule_recv"
version = "0.1.0"
source = "registry+https://github.com/rust-lang/crates.io-index"
dependencies = [
 "lazy_static 0.2.11 (registry+https://github.com/rust-lang/crates.io-index)",
]

[metadata]
"checksum lazy_static 0.2.11 (registry+https://github.com/rust-lang/crates.io-index)" = "76f033c7ad61445c5b347c7382dd1237847eb1bce590fe50365dcb33d546be73"
"checksum schedule_recv 0.1.0 (registry+https://github.com/rust-lang/crates.io-index)" = "ca1520cf9d3182329ceb57b9a6b37eb68fe94f5d46c0be4aa2d2a522ec3d40eb"
